
Microsoft Visual Studio Solution File, Format Version 12.00
# Visual Studio Version 16
VisualStudioVersion = 16.0.31019.35
MinimumVisualStudioVersion = 10.0.40219.1
Project("{FAE04EC0-301F-11D3-BF4B-00C04F79EFBC}") = "ConsoleApp15", "ConsoleApp15.csproj", "{0B95FEEF-0610-4744-9CC3-40E597E847FF}"
EndProject
Global
	GlobalSection(SolutionConfigurationPlatforms) = preSolution
		Debug|Any CPU = Debug|Any CPU
		Release|Any CPU = Release|Any CPU
	EndGlobalSection
	GlobalSection(ProjectConfigurationPlatforms) = postSolution
		{0B95FEEF-0610-4744-9CC3-40E597E847FF}.Debug|Any CPU.ActiveCfg = Debug|Any CPU
		{0B95FEEF-0610-4744-9CC3-40E597E847FF}.Debug|Any CPU.Build.0 = Debug|Any CPU
		{0B95FEEF-0610-4744-9CC3-40E597E847FF}.Release|Any CPU.ActiveCfg = Release|Any CPU
		{0B95FEEF-0610-4744-9CC3-40E597E847FF}.Release|Any CPU.Build.0 = Release|Any CPU
	EndGlobalSection
	GlobalSection(SolutionProperties) = preSolution
		HideSolutionNode = FALSE
	EndGlobalSection
	GlobalSection(ExtensibilityGlobals) = postSolution
		SolutionGuid = {52AFE9F6-4B95-47B9-87DE-436B8F5A846F}
	EndGlobalSection
EndGlobal
